
Microsoft Visual Studio Solution File, Format Version 12.00
# Visual Studio Version 17
VisualStudioVersion = 17.7.34018.315
MinimumVisualStudioVersion = 10.0.40219.1
Project("{9A19103F-16F7-4668-BE54-9A1E7A4F7556}") = "BuySmart_Admin", "BuySmart_Admin.csproj", "{8833FBA9-1EBC-4E3B-9984-5C009739E04B}"
EndProject
Global
	GlobalSection(SolutionConfigurationPlatforms) = preSolution
		Debug|Any CPU = Debug|Any CPU
		Release|Any CPU = Release|Any CPU
	EndGlobalSection
	GlobalSection(ProjectConfigurationPlatforms) = postSolution
		{8833FBA9-1EBC-4E3B-9984-5C009739E04B}.Debug|Any CPU.ActiveCfg = Debug|Any CPU
		{8833FBA9-1EBC-4E3B-9984-5C009739E04B}.Debug|Any CPU.Build.0 = Debug|Any CPU
		{8833FBA9-1EBC-4E3B-9984-5C009739E04B}.Release|Any CPU.ActiveCfg = Release|Any CPU
		{8833FBA9-1EBC-4E3B-9984-5C009739E04B}.Release|Any CPU.Build.0 = Release|Any CPU
	EndGlobalSection
	GlobalSection(SolutionProperties) = preSolution
		HideSolutionNode = FALSE
	EndGlobalSection
	GlobalSection(ExtensibilityGlobals) = postSolution
		SolutionGuid = {13AF11DF-EEAA-41A1-A7AE-104C6750375D}
	EndGlobalSection
EndGlobal
